PODS:
  - SDWebImage (5.6.0):
    - SDWebImage/Core (= 5.6.0)
  - SDWebImage/Core (5.6.0)
  - Toast-Swift (5.0.1)

DEPENDENCIES:
  - SDWebImage (~> 5.0)
  - Toast-Swift (~> 5.0.1)

SPEC REPOS:
  trunk:
    - SDWebImage
    - Toast-Swift

SPEC CHECKSUMS:
  SDWebImage: 21b19f56b4226cdfe3aefe4e6848dc43ed129a86
  Toast-Swift: 9b6a70f28b3bf0b96c40d46c0c4b9d6639846711

PODFILE CHECKSUM: 2836ef3f2f626e366e688314ef22c62f500d0164

COCOAPODS: 1.9.1
